
Microsoft Visual Studio Solution File, Format Version 12.00
# Visual Studio Version 16
VisualStudioVersion = 16.0.33130.400
MinimumVisualStudioVersion = 10.0.40219.1
Project("{9A19103F-16F7-4668-BE54-9A1E7A4F7556}") = "coIT.BewirbDich.Winforms.UI", "coIT.BewirbDich.Winforms..UI\coIT.BewirbDich.Winforms.UI.csproj", "{A645C868-D73F-4F49-9240-1A2FC925C7F5}"
EndProject
Project("{9A19103F-16F7-4668-BE54-9A1E7A4F7556}") = "coIT.BewirbDich.Winforms.Domain", "coIT.BewirbDich.Winforms.Domain\coIT.BewirbDich.Winforms.Domain.csproj", "{5DCE75FD-0C3C-4139-9A68-5B8C81C4E8CE}"
EndProject
Project("{9A19103F-16F7-4668-BE54-9A1E7A4F7556}") = "coIT.BewirbDich.Winforms.Infrastructure", "coIT.BewirbDich..Winforms.Infrastructure\coIT.BewirbDich.Winforms.Infrastructure.csproj", "{52A9F606-149A-44ED-9F22-B29AD1ED1D7D}"
EndProject
Global
	GlobalSection(SolutionConfigurationPlatforms) = preSolution
		Debug|Any CPU = Debug|Any CPU
		Release|Any CPU = Release|Any CPU
	EndGlobalSection
	GlobalSection(ProjectConfigurationPlatforms) = postSolution
		{A645C868-D73F-4F49-9240-1A2FC925C7F5}.Debug|Any CPU.ActiveCfg = Debug|Any CPU
		{A645C868-D73F-4F49-9240-1A2FC925C7F5}.Debug|Any CPU.Build.0 = Debug|Any CPU
		{A645C868-D73F-4F49-9240-1A2FC925C7F5}.Release|Any CPU.ActiveCfg = Release|Any CPU
		{A645C868-D73F-4F49-9240-1A2FC925C7F5}.Release|Any CPU.Build.0 = Release|Any CPU
		{5DCE75FD-0C3C-4139-9A68-5B8C81C4E8CE}.Debug|Any CPU.ActiveCfg = Debug|Any CPU
		{5DCE75FD-0C3C-4139-9A68-5B8C81C4E8CE}.Debug|Any CPU.Build.0 = Debug|Any CPU
		{5DCE75FD-0C3C-4139-9A68-5B8C81C4E8CE}.Release|Any CPU.ActiveCfg = Release|Any CPU
		{5DCE75FD-0C3C-4139-9A68-5B8C81C4E8CE}.Release|Any CPU.Build.0 = Release|Any CPU
		{52A9F606-149A-44ED-9F22-B29AD1ED1D7D}.Debug|Any CPU.ActiveCfg = Debug|Any CPU
		{52A9F606-149A-44ED-9F22-B29AD1ED1D7D}.Debug|Any CPU.Build.0 = Debug|Any CPU
		{52A9F606-149A-44ED-9F22-B29AD1ED1D7D}.Release|Any CPU.ActiveCfg = Release|Any CPU
		{52A9F606-149A-44ED-9F22-B29AD1ED1D7D}.Release|Any CPU.Build.0 = Release|Any CPU
	EndGlobalSection
	GlobalSection(SolutionProperties) = preSolution
		HideSolutionNode = FALSE
	EndGlobalSection
	GlobalSection(ExtensibilityGlobals) = postSolution
		SolutionGuid = {8990642A-AB80-41CC-B15D-AD2510FD08A0}
	EndGlobalSection
EndGlobal
